
Microsoft Visual Studio Solution File, Format Version 12.00
# Visual Studio Version 17
VisualStudioVersion = 17.1.32210.238
MinimumVisualStudioVersion = 10.0.40219.1
Project("{9A19103F-16F7-4668-BE54-9A1E7A4F7556}") = "Mapsui.VectorTileLayers.Core", "Mapsui.VectorTileLayers.Core\Mapsui.VectorTileLayers.Core.csproj", "{C0AE861E-2603-4A6D-8B35-BC4DAB841030}"
EndProject
Project("{9A19103F-16F7-4668-BE54-9A1E7A4F7556}") = "Mapsui.VectorTileLayers.OpenMapTiles", "Mapsui.VectorTileLayers.OpenMapTiles\Mapsui.VectorTileLayers.OpenMapTiles.csproj", "{A9B8ADD1-52E4-4123-A461-A4D1F03F9E55}"
EndProject
Project("{2150E333-8FDC-42A3-9474-1A3956D46DE8}") = "Samples", "Samples", "{49B5687B-31F9-4329-96AE-B9125845EC4B}"
EndProject
Project("{FAE04EC0-301F-11D3-BF4B-00C04F79EFBC}") = "Sample.Forms.UWP", "Samples\Sample.Forms\Sample.Forms.UWP\Sample.Forms.UWP.csproj", "{85EFF139-CE5A-4564-9592-C0CEF7418E2D}"
EndProject
Project("{FAE04EC0-301F-11D3-BF4B-00C04F79EFBC}") = "Sample.Forms.Android", "Samples\Sample.Forms\Sample.Forms.Android\Sample.Forms.Android.csproj", "{039EFECF-E69B-4A1A-A4C3-6D9F3C646602}"
EndProject
Project("{FAE04EC0-301F-11D3-BF4B-00C04F79EFBC}") = "Sample.Forms.iOS", "Samples\Sample.Forms\Sample.Forms.iOS\Sample.Forms.iOS.csproj", "{ACA312D5-BD6D-428B-9F78-684D963CFB50}"
EndProject
Project("{9A19103F-16F7-4668-BE54-9A1E7A4F7556}") = "Sample.Forms", "Samples\Sample.Forms\Sample.Forms\Sample.Forms.csproj", "{02E57CEB-C849-431C-BD65-CE54136C9218}"
EndProject
Project("{9A19103F-16F7-4668-BE54-9A1E7A4F7556}") = "Sample.WPF", "Samples\Sample.WPF\Sample.WPF.csproj", "{F4F33E6F-1A20-4D5D-A909-01F94E1DCF71}"
EndProject
Global
	GlobalSection(SolutionConfigurationPlatforms) = preSolution
		Debug|Any CPU = Debug|Any CPU
		Debug|ARM = Debug|ARM
		Debug|iPhone = Debug|iPhone
		Debug|iPhoneSimulator = Debug|iPhoneSimulator
		Debug|x64 = Debug|x64
		Debug|x86 = Debug|x86
		Release|Any CPU = Release|Any CPU
		Release|ARM = Release|ARM
		Release|iPhone = Release|iPhone
		Release|iPhoneSimulator = Release|iPhoneSimulator
		Release|x64 = Release|x64
		Release|x86 = Release|x86
	EndGlobalSection
	GlobalSection(ProjectConfigurationPlatforms) = postSolution
		{C0AE861E-2603-4A6D-8B35-BC4DAB841030}.Debug|Any CPU.ActiveCfg = Debug|Any CPU
		{C0AE861E-2603-4A6D-8B35-BC4DAB841030}.Debug|Any CPU.Build.0 = Debug|Any CPU
		{C0AE861E-2603-4A6D-8B35-BC4DAB841030}.Debug|ARM.ActiveCfg = Debug|Any CPU
		{C0AE861E-2603-4A6D-8B35-BC4DAB841030}.Debug|ARM.Build.0 = Debug|Any CPU
		{C0AE861E-2603-4A6D-8B35-BC4DAB841030}.Debug|iPhone.ActiveCfg = Debug|Any CPU
		{C0AE861E-2603-4A6D-8B35-BC4DAB841030}.Debug|iPhone.Build.0 = Debug|Any CPU
		{C0AE861E-2603-4A6D-8B35-BC4DAB841030}.Debug|iPhoneSimulator.ActiveCfg = Debug|Any CPU
		{C0AE861E-2603-4A6D-8B35-BC4DAB841030}.Debug|iPhoneSimulator.Build.0 = Debug|Any CPU
		{C0AE861E-2603-4A6D-8B35-BC4DAB841030}.Debug|x64.ActiveCfg = Debug|Any CPU
		{C0AE861E-2603-4A6D-8B35-BC4DAB841030}.Debug|x64.Build.0 = Debug|Any CPU
		{C0AE861E-2603-4A6D-8B35-BC4DAB841030}.Debug|x86.ActiveCfg = Debug|Any CPU
		{C0AE861E-2603-4A6D-8B35-BC4DAB841030}.Debug|x86.Build.0 = Debug|Any CPU
		{C0AE861E-2603-4A6D-8B35-BC4DAB841030}.Release|Any CPU.ActiveCfg = Release|Any CPU
		{C0AE861E-2603-4A6D-8B35-BC4DAB841030}.Release|Any CPU.Build.0 = Release|Any CPU
		{C0AE861E-2603-4A6D-8B35-BC4DAB841030}.Release|ARM.ActiveCfg = Release|Any CPU
		{C0AE861E-2603-4A6D-8B35-BC4DAB841030}.Release|ARM.Build.0 = Release|Any CPU
		{C0AE861E-2603-4A6D-8B35-BC4DAB841030}.Release|iPhone.ActiveCfg = Release|Any CPU
		{C0AE861E-2603-4A6D-8B35-BC4DAB841030}.Release|iPhone.Build.0 = Release|Any CPU
		{C0AE861E-2603-4A6D-8B35-BC4DAB841030}.Release|iPhoneSimulator.ActiveCfg = Release|Any CPU
		{C0AE861E-2603-4A6D-8B35-BC4DAB841030}.Release|iPhoneSimulator.Build.0 = Release|Any CPU
		{C0AE861E-2603-4A6D-8B35-BC4DAB841030}.Release|x64.ActiveCfg = Release|Any CPU
		{C0AE861E-2603-4A6D-8B35-BC4DAB841030}.Release|x64.Build.0 = Release|Any CPU
		{C0AE861E-2603-4A6D-8B35-BC4DAB841030}.Release|x86.ActiveCfg = Release|Any CPU
		{C0AE861E-2603-4A6D-8B35-BC4DAB841030}.Release|x86.Build.0 = Release|Any CPU
		{A9B8ADD1-52E4-4123-A461-A4D1F03F9E55}.Debug|Any CPU.ActiveCfg = Debug|Any CPU
		{A9B8ADD1-52E4-4123-A461-A4D1F03F9E55}.Debug|Any CPU.Build.0 = Debug|Any CPU
		{A9B8ADD1-52E4-4123-A461-A4D1F03F9E55}.Debug|ARM.ActiveCfg = Debug|Any CPU
		{A9B8ADD1-52E4-4123-A461-A4D1F03F9E55}.Debug|ARM.Build.0 = Debug|Any CPU
		{A9B8ADD1-52E4-4123-A461-A4D1F03F9E55}.Debug|iPhone.ActiveCfg = Debug|Any CPU
		{A9B8ADD1-52E4-4123-A461-A4D1F03F9E55}.Debug|iPhone.Build.0 = Debug|Any CPU
		{A9B8ADD1-52E4-4123-A461-A4D1F03F9E55}.Debug|iPhoneSimulator.ActiveCfg = Debug|Any CPU
		{A9B8ADD1-52E4-4123-A461-A4D1F03F9E55}.Debug|iPhoneSimulator.Build.0 = Debug|Any CPU
		{A9B8ADD1-52E4-4123-A461-A4D1F03F9E55}.Debug|x64.ActiveCfg = Debug|Any CPU
		{A9B8ADD1-52E4-4123-A461-A4D1F03F9E55}.Debug|x64.Build.0 = Debug|Any CPU
		{A9B8ADD1-52E4-4123-A461-A4D1F03F9E55}.Debug|x86.ActiveCfg = Debug|Any CPU
		{A9B8ADD1-52E4-4123-A461-A4D1F03F9E55}.Debug|x86.Build.0 = Debug|Any CPU
		{A9B8ADD1-52E4-4123-A461-A4D1F03F9E55}.Release|Any CPU.ActiveCfg = Release|Any CPU
		{A9B8ADD1-52E4-4123-A461-A4D1F03F9E55}.Release|Any CPU.Build.0 = Release|Any CPU
		{A9B8ADD1-52E4-4123-A461-A4D1F03F9E55}.Release|ARM.ActiveCfg = Release|Any CPU
		{A9B8ADD1-52E4-4123-A461-A4D1F03F9E55}.Release|ARM.Build.0 = Release|Any CPU
		{A9B8ADD1-52E4-4123-A461-A4D1F03F9E55}.Release|iPhone.ActiveCfg = Release|Any CPU
		{A9B8ADD1-52E4-4123-A461-A4D1F03F9E55}.Release|iPhone.Build.0 = Release|Any CPU
		{A9B8ADD1-52E4-4123-A461-A4D1F03F9E55}.Release|iPhoneSimulator.ActiveCfg = Release|Any CPU
		{A9B8ADD1-52E4-4123-A461-A4D1F03F9E55}.Release|iPhoneSimulator.Build.0 = Release|Any CPU
		{A9B8ADD1-52E4-4123-A461-A4D1F03F9E55}.Release|x64.ActiveCfg = Release|Any CPU
		{A9B8ADD1-52E4-4123-A461-A4D1F03F9E55}.Release|x64.Build.0 = Release|Any CPU
		{A9B8ADD1-52E4-4123-A461-A4D1F03F9E55}.Release|x86.ActiveCfg = Release|Any CPU
		{A9B8ADD1-52E4-4123-A461-A4D1F03F9E55}.Release|x86.Build.0 = Release|Any CPU
		{85EFF139-CE5A-4564-9592-C0CEF7418E2D}.Debug|Any CPU.ActiveCfg = Debug|x86
		{85EFF139-CE5A-4564-9592-C0CEF7418E2D}.Debug|ARM.ActiveCfg = Debug|ARM
		{85EFF139-CE5A-4564-9592-C0CEF7418E2D}.Debug|ARM.Build.0 = Debug|ARM
		{85EFF139-CE5A-4564-9592-C0CEF7418E2D}.Debug|ARM.Deploy.0 = Debug|ARM
		{85EFF139-CE5A-4564-9592-C0CEF7418E2D}.Debug|iPhone.ActiveCfg = Debug|x86
		{85EFF139-CE5A-4564-9592-C0CEF7418E2D}.Debug|iPhone.Build.0 = Debug|x86
		{85EFF139-CE5A-4564-9592-C0CEF7418E2D}.Debug|iPhone.Deploy.0 = Debug|x86
		{85EFF139-CE5A-4564-9592-C0CEF7418E2D}.Debug|iPhoneSimulator.ActiveCfg = Debug|x86
		{85EFF139-CE5A-4564-9592-C0CEF7418E2D}.Debug|x64.ActiveCfg = Debug|x64
		{85EFF139-CE5A-4564-9592-C0CEF7418E2D}.Debug|x64.Build.0 = Debug|x64
		{85EFF139-CE5A-4564-9592-C0CEF7418E2D}.Debug|x64.Deploy.0 = Debug|x64
		{85EFF139-CE5A-4564-9592-C0CEF7418E2D}.Debug|x86.ActiveCfg = Debug|x86
		{85EFF139-CE5A-4564-9592-C0CEF7418E2D}.Debug|x86.Build.0 = Debug|x86
		{85EFF139-CE5A-4564-9592-C0CEF7418E2D}.Debug|x86.Deploy.0 = Debug|x86
		{85EFF139-CE5A-4564-9592-C0CEF7418E2D}.Release|Any CPU.ActiveCfg = Release|x86
		{85EFF139-CE5A-4564-9592-C0CEF7418E2D}.Release|ARM.ActiveCfg = Release|ARM
		{85EFF139-CE5A-4564-9592-C0CEF7418E2D}.Release|ARM.Build.0 = Release|ARM
		{85EFF139-CE5A-4564-9592-C0CEF7418E2D}.Release|ARM.Deploy.0 = Release|ARM
		{85EFF139-CE5A-4564-9592-C0CEF7418E2D}.Release|iPhone.ActiveCfg = Release|x86
		{85EFF139-CE5A-4564-9592-C0CEF7418E2D}.Release|iPhoneSimulator.ActiveCfg = Release|x86
		{85EFF139-CE5A-4564-9592-C0CEF7418E2D}.Release|x64.ActiveCfg = Release|x64
		{85EFF139-CE5A-4564-9592-C0CEF7418E2D}.Release|x64.Build.0 = Release|x64
		{85EFF139-CE5A-4564-9592-C0CEF7418E2D}.Release|x64.Deploy.0 = Release|x64
		{85EFF139-CE5A-4564-9592-C0CEF7418E2D}.Release|x86.ActiveCfg = Release|x86
		{85EFF139-CE5A-4564-9592-C0CEF7418E2D}.Release|x86.Build.0 = Release|x86
		{85EFF139-CE5A-4564-9592-C0CEF7418E2D}.Release|x86.Deploy.0 = Release|x86
		{039EFECF-E69B-4A1A-A4C3-6D9F3C646602}.Debug|Any CPU.ActiveCfg = Debug|Any CPU
		{039EFECF-E69B-4A1A-A4C3-6D9F3C646602}.Debug|Any CPU.Build.0 = Debug|Any CPU
		{039EFECF-E69B-4A1A-A4C3-6D9F3C646602}.Debug|Any CPU.Deploy.0 = Debug|Any CPU
		{039EFECF-E69B-4A1A-A4C3-6D9F3C646602}.Debug|ARM.ActiveCfg = Debug|Any CPU
		{039EFECF-E69B-4A1A-A4C3-6D9F3C646602}.Debug|ARM.Build.0 = Debug|Any CPU
		{039EFECF-E69B-4A1A-A4C3-6D9F3C646602}.Debug|ARM.Deploy.0 = Debug|Any CPU
		{039EFECF-E69B-4A1A-A4C3-6D9F3C646602}.Debug|iPhone.ActiveCfg = Debug|Any CPU
		{039EFECF-E69B-4A1A-A4C3-6D9F3C646602}.Debug|iPhone.Build.0 = Debug|Any CPU
		{039EFECF-E69B-4A1A-A4C3-6D9F3C646602}.Debug|iPhone.Deploy.0 = Debug|Any CPU
		{039EFECF-E69B-4A1A-A4C3-6D9F3C646602}.Debug|iPhoneSimulator.ActiveCfg = Debug|Any CPU
		{039EFECF-E69B-4A1A-A4C3-6D9F3C646602}.Debug|iPhoneSimulator.Build.0 = Debug|Any CPU
		{039EFECF-E69B-4A1A-A4C3-6D9F3C646602}.Debug|iPhoneSimulator.Deploy.0 = Debug|Any CPU
		{039EFECF-E69B-4A1A-A4C3-6D9F3C646602}.Debug|x64.ActiveCfg = Debug|Any CPU
		{039EFECF-E69B-4A1A-A4C3-6D9F3C646602}.Debug|x64.Build.0 = Debug|Any CPU
		{039EFECF-E69B-4A1A-A4C3-6D9F3C646602}.Debug|x64.Deploy.0 = Debug|Any CPU
		{039EFECF-E69B-4A1A-A4C3-6D9F3C646602}.Debug|x86.ActiveCfg = Debug|Any CPU
		{039EFECF-E69B-4A1A-A4C3-6D9F3C646602}.Debug|x86.Build.0 = Debug|Any CPU
		{039EFECF-E69B-4A1A-A4C3-6D9F3C646602}.Debug|x86.Deploy.0 = Debug|Any CPU
		{039EFECF-E69B-4A1A-A4C3-6D9F3C646602}.Release|Any CPU.ActiveCfg = Release|Any CPU
		{039EFECF-E69B-4A1A-A4C3-6D9F3C646602}.Release|Any CPU.Build.0 = Release|Any CPU
		{039EFECF-E69B-4A1A-A4C3-6D9F3C646602}.Release|Any CPU.Deploy.0 = Release|Any CPU
		{039EFECF-E69B-4A1A-A4C3-6D9F3C646602}.Release|ARM.ActiveCfg = Release|Any CPU
		{039EFECF-E69B-4A1A-A4C3-6D9F3C646602}.Release|ARM.Build.0 = Release|Any CPU
		{039EFECF-E69B-4A1A-A4C3-6D9F3C646602}.Release|ARM.Deploy.0 = Release|Any CPU
		{039EFECF-E69B-4A1A-A4C3-6D9F3C646602}.Release|iPhone.ActiveCfg = Release|Any CPU
		{039EFECF-E69B-4A1A-A4C3-6D9F3C646602}.Release|iPhone.Build.0 = Release|Any CPU
		{039EFECF-E69B-4A1A-A4C3-6D9F3C646602}.Release|iPhone.Deploy.0 = Release|Any CPU
		{039EFECF-E69B-4A1A-A4C3-6D9F3C646602}.Release|iPhoneSimulator.ActiveCfg = Release|Any CPU
		{039EFECF-E69B-4A1A-A4C3-6D9F3C646602}.Release|iPhoneSimulator.Build.0 = Release|Any CPU
		{039EFECF-E69B-4A1A-A4C3-6D9F3C646602}.Release|iPhoneSimulator.Deploy.0 = Release|Any CPU
		{039EFECF-E69B-4A1A-A4C3-6D9F3C646602}.Release|x64.ActiveCfg = Release|Any CPU
		{039EFECF-E69B-4A1A-A4C3-6D9F3C646602}.Release|x64.Build.0 = Release|Any CPU
		{039EFECF-E69B-4A1A-A4C3-6D9F3C646602}.Release|x64.Deploy.0 = Release|Any CPU
		{039EFECF-E69B-4A1A-A4C3-6D9F3C646602}.Release|x86.ActiveCfg = Release|Any CPU
		{039EFECF-E69B-4A1A-A4C3-6D9F3C646602}.Release|x86.Build.0 = Release|Any CPU
		{039EFECF-E69B-4A1A-A4C3-6D9F3C646602}.Release|x86.Deploy.0 = Release|Any CPU
		{ACA312D5-BD6D-428B-9F78-684D963CFB50}.Debug|Any CPU.ActiveCfg = Debug|iPhoneSimulator
		{ACA312D5-BD6D-428B-9F78-684D963CFB50}.Debug|ARM.ActiveCfg = Debug|iPhoneSimulator
		{ACA312D5-BD6D-428B-9F78-684D963CFB50}.Debug|iPhone.ActiveCfg = Debug|iPhone
		{ACA312D5-BD6D-428B-9F78-684D963CFB50}.Debug|iPhone.Build.0 = Debug|iPhone
		{ACA312D5-BD6D-428B-9F78-684D963CFB50}.Debug|iPhone.Deploy.0 = Debug|iPhone
		{ACA312D5-BD6D-428B-9F78-684D963CFB50}.Debug|iPhoneSimulator.ActiveCfg = Debug|iPhoneSimulator
		{ACA312D5-BD6D-428B-9F78-684D963CFB50}.Debug|iPhoneSimulator.Build.0 = Debug|iPhoneSimulator
		{ACA312D5-BD6D-428B-9F78-684D963CFB50}.Debug|x64.ActiveCfg = Debug|iPhoneSimulator
		{ACA312D5-BD6D-428B-9F78-684D963CFB50}.Debug|x86.ActiveCfg = Debug|iPhoneSimulator
		{ACA312D5-BD6D-428B-9F78-684D963CFB50}.Release|Any CPU.ActiveCfg = Release|iPhoneSimulator
		{ACA312D5-BD6D-428B-9F78-684D963CFB50}.Release|ARM.ActiveCfg = Release|iPhoneSimulator
		{ACA312D5-BD6D-428B-9F78-684D963CFB50}.Release|iPhone.ActiveCfg = Release|iPhone
		{ACA312D5-BD6D-428B-9F78-684D963CFB50}.Release|iPhone.Build.0 = Release|iPhone
		{ACA312D5-BD6D-428B-9F78-684D963CFB50}.Release|iPhone.Deploy.0 = Release|iPhone
		{ACA312D5-BD6D-428B-9F78-684D963CFB50}.Release|iPhoneSimulator.ActiveCfg = Release|iPhoneSimulator
		{ACA312D5-BD6D-428B-9F78-684D963CFB50}.Release|iPhoneSimulator.Build.0 = Release|iPhoneSimulator
		{ACA312D5-BD6D-428B-9F78-684D963CFB50}.Release|x64.ActiveCfg = Release|iPhoneSimulator
		{ACA312D5-BD6D-428B-9F78-684D963CFB50}.Release|x86.ActiveCfg = Release|iPhoneSimulator
		{02E57CEB-C849-431C-BD65-CE54136C9218}.Debug|Any CPU.ActiveCfg = Debug|Any CPU
		{02E57CEB-C849-431C-BD65-CE54136C9218}.Debug|Any CPU.Build.0 = Debug|Any CPU
		{02E57CEB-C849-431C-BD65-CE54136C9218}.Debug|ARM.ActiveCfg = Debug|Any CPU
		{02E57CEB-C849-431C-BD65-CE54136C9218}.Debug|ARM.Build.0 = Debug|Any CPU
		{02E57CEB-C849-431C-BD65-CE54136C9218}.Debug|iPhone.ActiveCfg = Debug|Any CPU
		{02E57CEB-C849-431C-BD65-CE54136C9218}.Debug|iPhone.Build.0 = Debug|Any CPU
		{02E57CEB-C849-431C-BD65-CE54136C9218}.Debug|iPhoneSimulator.ActiveCfg = Debug|Any CPU
		{02E57CEB-C849-431C-BD65-CE54136C9218}.Debug|iPhoneSimulator.Build.0 = Debug|Any CPU
		{02E57CEB-C849-431C-BD65-CE54136C9218}.Debug|x64.ActiveCfg = Debug|Any CPU
		{02E57CEB-C849-431C-BD65-CE54136C9218}.Debug|x64.Build.0 = Debug|Any CPU
		{02E57CEB-C849-431C-BD65-CE54136C9218}.Debug|x86.ActiveCfg = Debug|Any CPU
		{02E57CEB-C849-431C-BD65-CE54136C9218}.Debug|x86.Build.0 = Debug|Any CPU
		{02E57CEB-C849-431C-BD65-CE54136C9218}.Release|Any CPU.ActiveCfg = Release|Any CPU
		{02E57CEB-C849-431C-BD65-CE54136C9218}.Release|Any CPU.Build.0 = Release|Any CPU
		{02E57CEB-C849-431C-BD65-CE54136C9218}.Release|ARM.ActiveCfg = Release|Any CPU
		{02E57CEB-C849-431C-BD65-CE54136C9218}.Release|ARM.Build.0 = Release|Any CPU
		{02E57CEB-C849-431C-BD65-CE54136C9218}.Release|iPhone.ActiveCfg = Release|Any CPU
		{02E57CEB-C849-431C-BD65-CE54136C9218}.Release|iPhone.Build.0 = Release|Any CPU
		{02E57CEB-C849-431C-BD65-CE54136C9218}.Release|iPhoneSimulator.ActiveCfg = Release|Any CPU
		{02E57CEB-C849-431C-BD65-CE54136C9218}.Release|iPhoneSimulator.Build.0 = Release|Any CPU
		{02E57CEB-C849-431C-BD65-CE54136C9218}.Release|x64.ActiveCfg = Release|Any CPU
		{02E57CEB-C849-431C-BD65-CE54136C9218}.Release|x64.Build.0 = Release|Any CPU
		{02E57CEB-C849-431C-BD65-CE54136C9218}.Release|x86.ActiveCfg = Release|Any CPU
		{02E57CEB-C849-431C-BD65-CE54136C9218}.Release|x86.Build.0 = Release|Any CPU
		{F4F33E6F-1A20-4D5D-A909-01F94E1DCF71}.Debug|Any CPU.ActiveCfg = Debug|Any CPU
		{F4F33E6F-1A20-4D5D-A909-01F94E1DCF71}.Debug|Any CPU.Build.0 = Debug|Any CPU
		{F4F33E6F-1A20-4D5D-A909-01F94E1DCF71}.Debug|ARM.ActiveCfg = Debug|Any CPU
		{F4F33E6F-1A20-4D5D-A909-01F94E1DCF71}.Debug|ARM.Build.0 = Debug|Any CPU
		{F4F33E6F-1A20-4D5D-A909-01F94E1DCF71}.Debug|iPhone.ActiveCfg = Debug|Any CPU
		{F4F33E6F-1A20-4D5D-A909-01F94E1DCF71}.Debug|iPhone.Build.0 = Debug|Any CPU
		{F4F33E6F-1A20-4D5D-A909-01F94E1DCF71}.Debug|iPhoneSimulator.ActiveCfg = Debug|Any CPU
		{F4F33E6F-1A20-4D5D-A909-01F94E1DCF71}.Debug|iPhoneSimulator.Build.0 = Debug|Any CPU
		{F4F33E6F-1A20-4D5D-A909-01F94E1DCF71}.Debug|x64.ActiveCfg = Debug|Any CPU
		{F4F33E6F-1A20-4D5D-A909-01F94E1DCF71}.Debug|x64.Build.0 = Debug|Any CPU
		{F4F33E6F-1A20-4D5D-A909-01F94E1DCF71}.Debug|x86.ActiveCfg = Debug|Any CPU
		{F4F33E6F-1A20-4D5D-A909-01F94E1DCF71}.Debug|x86.Build.0 = Debug|Any CPU
		{F4F33E6F-1A20-4D5D-A909-01F94E1DCF71}.Release|Any CPU.ActiveCfg = Release|Any CPU
		{F4F33E6F-1A20-4D5D-A909-01F94E1DCF71}.Release|Any CPU.Build.0 = Release|Any CPU
		{F4F33E6F-1A20-4D5D-A909-01F94E1DCF71}.Release|ARM.ActiveCfg = Release|Any CPU
		{F4F33E6F-1A20-4D5D-A909-01F94E1DCF71}.Release|ARM.Build.0 = Release|Any CPU
		{F4F33E6F-1A20-4D5D-A909-01F94E1DCF71}.Release|iPhone.ActiveCfg = Release|Any CPU
		{F4F33E6F-1A20-4D5D-A909-01F94E1DCF71}.Release|iPhone.Build.0 = Release|Any CPU
		{F4F33E6F-1A20-4D5D-A909-01F94E1DCF71}.Release|iPhoneSimulator.ActiveCfg = Release|Any CPU
		{F4F33E6F-1A20-4D5D-A909-01F94E1DCF71}.Release|iPhoneSimulator.Build.0 = Release|Any CPU
		{F4F33E6F-1A20-4D5D-A909-01F94E1DCF71}.Release|x64.ActiveCfg = Release|Any CPU
		{F4F33E6F-1A20-4D5D-A909-01F94E1DCF71}.Release|x64.Build.0 = Release|Any CPU
		{F4F33E6F-1A20-4D5D-A909-01F94E1DCF71}.Release|x86.ActiveCfg = Release|Any CPU
		{F4F33E6F-1A20-4D5D-A909-01F94E1DCF71}.Release|x86.Build.0 = Release|Any CPU
	EndGlobalSection
	GlobalSection(SolutionProperties) = preSolution
		HideSolutionNode = FALSE
	EndGlobalSection
	GlobalSection(NestedProjects) = preSolution
		{85EFF139-CE5A-4564-9592-C0CEF7418E2D} = {49B5687B-31F9-4329-96AE-B9125845EC4B}
		{039EFECF-E69B-4A1A-A4C3-6D9F3C646602} = {49B5687B-31F9-4329-96AE-B9125845EC4B}
		{ACA312D5-BD6D-428B-9F78-684D963CFB50} = {49B5687B-31F9-4329-96AE-B9125845EC4B}
		{02E57CEB-C849-431C-BD65-CE54136C9218} = {49B5687B-31F9-4329-96AE-B9125845EC4B}
		{F4F33E6F-1A20-4D5D-A909-01F94E1DCF71} = {49B5687B-31F9-4329-96AE-B9125845EC4B}
	EndGlobalSection
	GlobalSection(ExtensibilityGlobals) = postSolution
		SolutionGuid = {4B52579A-8D57-45C8-A366-62021257A511}
	EndGlobalSection
EndGlobal
